// !$*UTF8*$!
{
	archiveVersion = 1;
	classes = {
	};
	objectVersion = 56;
	objects = {

/* Begin PBXBuildFile section */
		043DAB5C2A9FC91E00B3F9C0 /* ImageViewController.swift in Sources */ = {isa = PBXBuildFile; fileRef = 043DAB5B2A9FC91E00B3F9C0 /* ImageViewController.swift */; };
		04593D7D2A9DED7800F300B0 /* AppDelegate.swift in Sources */ = {isa = PBXBuildFile; fileRef = 04593D7C2A9DED7800F300B0 /* AppDelegate.swift */; };
		04593D7F2A9DED7800F300B0 /* SceneDelegate.swift in Sources */ = {isa = PBXBuildFile; fileRef = 04593D7E2A9DED7800F300B0 /* SceneDelegate.swift */; };
		04593D842A9DED7800F300B0 /* Main.storyboard in Resources */ = {isa = PBXBuildFile; fileRef = 04593D822A9DED7800F300B0 /* Main.storyboard */; };
		04593D862A9DED7900F300B0 /* Assets.xcassets in Resources */ = {isa = PBXBuildFile; fileRef = 04593D852A9DED7900F300B0 /* Assets.xcassets */; };
		04593D892A9DED7900F300B0 /* LaunchScreen.storyboard in Resources */ = {isa = PBXBuildFile; fileRef = 04593D872A9DED7900F300B0 /* LaunchScreen.storyboard */; };
		04AA07342AA369CE004E6CBF /* CoursesViewCell.swift in Sources */ = {isa = PBXBuildFile; fileRef = 04AA07332AA369CE004E6CBF /* CoursesViewCell.swift */; };
		04AA07372AA36C30004E6CBF /* CoursesViewController.swift in Sources */ = {isa = PBXBuildFile; fileRef = 04AA07362AA36C30004E6CBF /* CoursesViewController.swift */; };
		04AA073A2AA38080004E6CBF /* CourseModel.swift in Sources */ = {isa = PBXBuildFile; fileRef = 04AA07392AA38080004E6CBF /* CourseModel.swift */; };
		04AA073C2AA4D991004E6CBF /* WebViewController.swift in Sources */ = {isa = PBXBuildFile; fileRef = 04AA073B2AA4D991004E6CBF /* WebViewController.swift */; };
		04AD47B12AA8FA6A00DAB340 /* ImageProperties.swift in Sources */ = {isa = PBXBuildFile; fileRef = 04AD47B02AA8FA6A00DAB340 /* ImageProperties.swift */; };
		04DADBD12AA78B7400B80FA5 /* MainViewController.swift in Sources */ = {isa = PBXBuildFile; fileRef = 04DADBD02AA78B7400B80FA5 /* MainViewController.swift */; };
		04DADBD32AA78BF700B80FA5 /* ControlsViewCell.swift in Sources */ = {isa = PBXBuildFile; fileRef = 04DADBD22AA78BF700B80FA5 /* ControlsViewCell.swift */; };
		04DADBD72AA7A08C00B80FA5 /* NetworkManager.swift in Sources */ = {isa = PBXBuildFile; fileRef = 04DADBD62AA7A08C00B80FA5 /* NetworkManager.swift */; };
/* End PBXBuildFile section */

/* Begin PBXFileReference section */
		043DAB5B2A9FC91E00B3F9C0 /* ImageViewController.swift */ = {isa = PBXFileReference; lastKnownFileType = sourcecode.swift; path = ImageViewController.swift; sourceTree = "<group>"; };
		04593D792A9DED7800F300B0 /* Networking.app */ = {isa = PBXFileReference; explicitFileType = wrapper.application; includeInIndex = 0; path = Networking.app; sourceTree = BUILT_PRODUCTS_DIR; };
		04593D7C2A9DED7800F300B0 /* AppDelegate.swift */ = {isa = PBXFileReference; lastKnownFileType = sourcecode.swift; path = AppDelegate.swift; sourceTree = "<group>"; };
		04593D7E2A9DED7800F300B0 /* SceneDelegate.swift */ = {isa = PBXFileReference; lastKnownFileType = sourcecode.swift; path = SceneDelegate.swift; sourceTree = "<group>"; };
		04593D832A9DED7800F300B0 /* Base */ = {isa = PBXFileReference; lastKnownFileType = file.storyboard; name = Base; path = Base.lproj/Main.storyboard; sourceTree = "<group>"; };
		04593D852A9DED7900F300B0 /* Assets.xcassets */ = {isa = PBXFileReference; lastKnownFileType = folder.assetcatalog; path = Assets.xcassets; sourceTree = "<group>"; };
		04593D882A9DED7900F300B0 /* Base */ = {isa = PBXFileReference; lastKnownFileType = file.storyboard; name = Base; path = Base.lproj/LaunchScreen.storyboard; sourceTree = "<group>"; };
		04593D8A2A9DED7900F300B0 /* Info.plist */ = {isa = PBXFileReference; lastKnownFileType = text.plist.xml; path = Info.plist; sourceTree = "<group>"; };
		04AA07332AA369CE004E6CBF /* CoursesViewCell.swift */ = {isa = PBXFileReference; lastKnownFileType = sourcecode.swift; path = CoursesViewCell.swift; sourceTree = "<group>"; };
		04AA07362AA36C30004E6CBF /* CoursesViewController.swift */ = {isa = PBXFileReference; lastKnownFileType = sourcecode.swift; path = CoursesViewController.swift; sourceTree = "<group>"; };
		04AA07392AA38080004E6CBF /* CourseModel.swift */ = {isa = PBXFileReference; lastKnownFileType = sourcecode.swift; path = CourseModel.swift; sourceTree = "<group>"; };
		04AA073B2AA4D991004E6CBF /* WebViewController.swift */ = {isa = PBXFileReference; lastKnownFileType = sourcecode.swift; path = WebViewController.swift; sourceTree = "<group>"; };
		04AD47B02AA8FA6A00DAB340 /* ImageProperties.swift */ = {isa = PBXFileReference; lastKnownFileType = sourcecode.swift; path = ImageProperties.swift; sourceTree = "<group>"; };
		04DADBD02AA78B7400B80FA5 /* MainViewController.swift */ = {isa = PBXFileReference; lastKnownFileType = sourcecode.swift; path = MainViewController.swift; sourceTree = "<group>"; };
		04DADBD22AA78BF700B80FA5 /* ControlsViewCell.swift */ = {isa = PBXFileReference; lastKnownFileType = sourcecode.swift; path = ControlsViewCell.swift; sourceTree = "<group>"; };
		04DADBD62AA7A08C00B80FA5 /* NetworkManager.swift */ = {isa = PBXFileReference; lastKnownFileType = sourcecode.swift; path = NetworkManager.swift; sourceTree = "<group>"; };
/* End PBXFileReference section */

/* Begin PBXFrameworksBuildPhase section */
		04593D762A9DED7800F300B0 /* Frameworks */ = {
			isa = PBXFrameworksBuildPhase;
			buildActionMask = 2147483647;
			files = (
			);
			runOnlyForDeploymentPostprocessing = 0;
		};
/* End PBXFrameworksBuildPhase section */

/* Begin PBXGroup section */
		04593D702A9DED7800F300B0 = {
			isa = PBXGroup;
			children = (
				04593D7B2A9DED7800F300B0 /* Networking */,
				04593D7A2A9DED7800F300B0 /* Products */,
			);
			sourceTree = "<group>";
		};
		04593D7A2A9DED7800F300B0 /* Products */ = {
			isa = PBXGroup;
			children = (
				04593D792A9DED7800F300B0 /* Networking.app */,
			);
			name = Products;
			sourceTree = "<group>";
		};
		04593D7B2A9DED7800F300B0 /* Networking */ = {
			isa = PBXGroup;
			children = (
				04AA07382AA38055004E6CBF /* Model */,
				04593DB32A9E014700F300B0 /* Controllers */,
				04DADBD52AA7A04600B80FA5 /* Helpers */,
				04593DB52A9E016200F300B0 /* IBuilder */,
				04593DB42A9E015200F300B0 /* Supporting files */,
				04593D8A2A9DED7900F300B0 /* Info.plist */,
			);
			path = Networking;
			sourceTree = "<group>";
		};
		04593DB32A9E014700F300B0 /* Controllers */ = {
			isa = PBXGroup;
			children = (
				04DADBD02AA78B7400B80FA5 /* MainViewController.swift */,
				043DAB5B2A9FC91E00B3F9C0 /* ImageViewController.swift */,
				04AA07362AA36C30004E6CBF /* CoursesViewController.swift */,
				04AA073B2AA4D991004E6CBF /* WebViewController.swift */,
				04AA07352AA36BFC004E6CBF /* Cells */,
			);
			path = Controllers;
			sourceTree = "<group>";
		};
		04593DB42A9E015200F300B0 /* Supporting files */ = {
			isa = PBXGroup;
			children = (
				04593D7C2A9DED7800F300B0 /* AppDelegate.swift */,
				04593D7E2A9DED7800F300B0 /* SceneDelegate.swift */,
				04593D852A9DED7900F300B0 /* Assets.xcassets */,
			);
			path = "Supporting files";
			sourceTree = "<group>";
		};
		04593DB52A9E016200F300B0 /* IBuilder */ = {
			isa = PBXGroup;
			children = (
				04593D822A9DED7800F300B0 /* Main.storyboard */,
				04593D872A9DED7900F300B0 /* LaunchScreen.storyboard */,
			);
			path = IBuilder;
			sourceTree = "<group>";
		};
		04AA07352AA36BFC004E6CBF /* Cells */ = {
			isa = PBXGroup;
			children = (
				04AA07332AA369CE004E6CBF /* CoursesViewCell.swift */,
				04DADBD22AA78BF700B80FA5 /* ControlsViewCell.swift */,
			);
			path = Cells;
			sourceTree = "<group>";
		};
		04AA07382AA38055004E6CBF /* Model */ = {
			isa = PBXGroup;
			children = (
				04AA07392AA38080004E6CBF /* CourseModel.swift */,
				04AD47B02AA8FA6A00DAB340 /* ImageProperties.swift */,
			);
			path = Model;
			sourceTree = "<group>";
		};
		04DADBD52AA7A04600B80FA5 /* Helpers */ = {
			isa = PBXGroup;
			children = (
				04DADBD62AA7A08C00B80FA5 /* NetworkManager.swift */,
			);
			path = Helpers;
			sourceTree = "<group>";
		};
/* End PBXGroup section */

/* Begin PBXNativeTarget section */
		04593D782A9DED7800F300B0 /* Networking */ = {
			isa = PBXNativeTarget;
			buildConfigurationList = 04593D8D2A9DED7900F300B0 /* Build configuration list for PBXNativeTarget "Networking" */;
			buildPhases = (
				04593D752A9DED7800F300B0 /* Sources */,
				04593D762A9DED7800F300B0 /* Frameworks */,
				04593D772A9DED7800F300B0 /* Resources */,
			);
			buildRules = (
			);
			dependencies = (
			);
			name = Networking;
			productName = Networking;
			productReference = 04593D792A9DED7800F300B0 /* Networking.app */;
			productType = "com.apple.product-type.application";
		};
/* End PBXNativeTarget section */

/* Begin PBXProject section */
		04593D712A9DED7800F300B0 /* Project object */ = {
			isa = PBXProject;
			attributes = {
				BuildIndependentTargetsInParallel = 1;
				LastSwiftUpdateCheck = 1420;
				LastUpgradeCheck = 1420;
				TargetAttributes = {
					04593D782A9DED7800F300B0 = {
						CreatedOnToolsVersion = 14.2;
					};
				};
			};
			buildConfigurationList = 04593D742A9DED7800F300B0 /* Build configuration list for PBXProject "Networking" */;
			compatibilityVersion = "Xcode 14.0";
			developmentRegion = en;
			hasScannedForEncodings = 0;
			knownRegions = (
				en,
				Base,
			);
			mainGroup = 04593D702A9DED7800F300B0;
			productRefGroup = 04593D7A2A9DED7800F300B0 /* Products */;
			projectDirPath = "";
			projectRoot = "";
			targets = (
				04593D782A9DED7800F300B0 /* Networking */,
			);
		};
/* End PBXProject section */

/* Begin PBXResourcesBuildPhase section */
		04593D772A9DED7800F300B0 /* Resources */ = {
			isa = PBXResourcesBuildPhase;
			buildActionMask = 2147483647;
			files = (
				04593D892A9DED7900F300B0 /* LaunchScreen.storyboard in Resources */,
				04593D862A9DED7900F300B0 /* Assets.xcassets in Resources */,
				04593D842A9DED7800F300B0 /* Main.storyboard in Resources */,
			);
			runOnlyForDeploymentPostprocessing = 0;
		};
/* End PBXResourcesBuildPhase section */

/* Begin PBXSourcesBuildPhase section */
		04593D752A9DED7800F300B0 /* Sources */ = {
			isa = PBXSourcesBuildPhase;
			buildActionMask = 2147483647;
			files = (
				04AD47B12AA8FA6A00DAB340 /* ImageProperties.swift in Sources */,
				04AA073A2AA38080004E6CBF /* CourseModel.swift in Sources */,
				04AA07342AA369CE004E6CBF /* CoursesViewCell.swift in Sources */,
				04593D7D2A9DED7800F300B0 /* AppDelegate.swift in Sources */,
				04DADBD72AA7A08C00B80FA5 /* NetworkManager.swift in Sources */,
				04DADBD32AA78BF700B80FA5 /* ControlsViewCell.swift in Sources */,
				043DAB5C2A9FC91E00B3F9C0 /* ImageViewController.swift in Sources */,
				04593D7F2A9DED7800F300B0 /* SceneDelegate.swift in Sources */,
				04DADBD12AA78B7400B80FA5 /* MainViewController.swift in Sources */,
				04AA07372AA36C30004E6CBF /* CoursesViewController.swift in Sources */,
				04AA073C2AA4D991004E6CBF /* WebViewController.swift in Sources */,
			);
			runOnlyForDeploymentPostprocessing = 0;
		};
/* End PBXSourcesBuildPhase section */

/* Begin PBXVariantGroup section */
		04593D822A9DED7800F300B0 /* Main.storyboard */ = {
			isa = PBXVariantGroup;
			children = (
				04593D832A9DED7800F300B0 /* Base */,
			);
			name = Main.storyboard;
			sourceTree = "<group>";
		};
		04593D872A9DED7900F300B0 /* LaunchScreen.storyboard */ = {
			isa = PBXVariantGroup;
			children = (
				04593D882A9DED7900F300B0 /* Base */,
			);
			name = LaunchScreen.storyboard;
			sourceTree = "<group>";
		};
/* End PBXVariantGroup section */

/* Begin XCBuildConfiguration section */
		04593D8B2A9DED7900F300B0 /* Debug */ = {
			isa = XCBuildConfiguration;
			buildSettings = {
				ALWAYS_SEARCH_USER_PATHS = NO;
				CLANG_ANALYZER_NONNULL = YES;
				CLANG_ANALYZER_NUMBER_OBJECT_CONVERSION = YES_AGGRESSIVE;
				CLANG_CXX_LANGUAGE_STANDARD = "gnu++20";
				CLANG_ENABLE_MODULES = YES;
				CLANG_ENABLE_OBJC_ARC = YES;
				CLANG_ENABLE_OBJC_WEAK = YES;
				CLANG_WARN_BLOCK_CAPTURE_AUTORELEASING = YES;
				CLANG_WARN_BOOL_CONVERSION = YES;
				CLANG_WARN_COMMA = YES;
				CLANG_WARN_CONSTANT_CONVERSION = YES;
				CLANG_WARN_DEPRECATED_OBJC_IMPLEMENTATIONS = YES;
				CLANG_WARN_DIRECT_OBJC_ISA_USAGE = YES_ERROR;
				CLANG_WARN_DOCUMENTATION_COMMENTS = YES;
				CLANG_WARN_EMPTY_BODY = YES;
				CLANG_WARN_ENUM_CONVERSION = YES;
				CLANG_WARN_INFINITE_RECURSION = YES;
				CLANG_WARN_INT_CONVERSION = YES;
				CLANG_WARN_NON_LITERAL_NULL_CONVERSION = YES;
				CLANG_WARN_OBJC_IMPLICIT_RETAIN_SELF = YES;
				CLANG_WARN_OBJC_LITERAL_CONVERSION = YES;
				CLANG_WARN_OBJC_ROOT_CLASS = YES_ERROR;
				CLANG_WARN_QUOTED_INCLUDE_IN_FRAMEWORK_HEADER = YES;
				CLANG_WARN_RANGE_LOOP_ANALYSIS = YES;
				CLANG_WARN_STRICT_PROTOTYPES = YES;
				CLANG_WARN_SUSPICIOUS_MOVE = YES;
				CLANG_WARN_UNGUARDED_AVAILABILITY = YES_AGGRESSIVE;
				CLANG_WARN_UNREACHABLE_CODE = YES;
				CLANG_WARN__DUPLICATE_METHOD_MATCH = YES;
				COPY_PHASE_STRIP = NO;
				DEBUG_INFORMATION_FORMAT = dwarf;
				ENABLE_STRICT_OBJC_MSGSEND = YES;
				ENABLE_TESTABILITY = YES;
				GCC_C_LANGUAGE_STANDARD = gnu11;
				GCC_DYNAMIC_NO_PIC = NO;
				GCC_NO_COMMON_BLOCKS = YES;
				GCC_OPTIMIZATION_LEVEL = 0;
				GCC_PREPROCESSOR_DEFINITIONS = (
					"DEBUG=1",
					"$(inherited)",
				);
				GCC_WARN_64_TO_32_BIT_CONVERSION = YES;
				GCC_WARN_ABOUT_RETURN_TYPE = YES_ERROR;
				GCC_WARN_UNDECLARED_SELECTOR = YES;
				GCC_WARN_UNINITIALIZED_AUTOS = YES_AGGRESSIVE;
				GCC_WARN_UNUSED_FUNCTION = YES;
				GCC_WARN_UNUSED_VARIABLE = YES;
				IPHONEOS_DEPLOYMENT_TARGET = 16.2;
				MTL_ENABLE_DEBUG_INFO = INCLUDE_SOURCE;
				MTL_FAST_MATH = YES;
				ONLY_ACTIVE_ARCH = YES;
				SDKROOT = iphoneos;
				SWIFT_ACTIVE_COMPILATION_CONDITIONS = DEBUG;
				SWIFT_OPTIMIZATION_LEVEL = "-Onone";
			};
			name = Debug;
		};
		04593D8C2A9DED7900F300B0 /* Release */ = {
			isa = XCBuildConfiguration;
			buildSettings = {
				ALWAYS_SEARCH_USER_PATHS = NO;
				CLANG_ANALYZER_NONNULL = YES;
				CLANG_ANALYZER_NUMBER_OBJECT_CONVERSION = YES_AGGRESSIVE;
				CLANG_CXX_LANGUAGE_STANDARD = "gnu++20";
				CLANG_ENABLE_MODULES = YES;
				CLANG_ENABLE_OBJC_ARC = YES;
				CLANG_ENABLE_OBJC_WEAK = YES;
				CLANG_WARN_BLOCK_CAPTURE_AUTORELEASING = YES;
				CLANG_WARN_BOOL_CONVERSION = YES;
				CLANG_WARN_COMMA = YES;
				CLANG_WARN_CONSTANT_CONVERSION = YES;
				CLANG_WARN_DEPRECATED_OBJC_IMPLEMENTATIONS = YES;
				CLANG_WARN_DIRECT_OBJC_ISA_USAGE = YES_ERROR;
				CLANG_WARN_DOCUMENTATION_COMMENTS = YES;
				CLANG_WARN_EMPTY_BODY = YES;
				CLANG_WARN_ENUM_CONVERSION = YES;
				CLANG_WARN_INFINITE_RECURSION = YES;
				CLANG_WARN_INT_CONVERSION = YES;
				CLANG_WARN_NON_LITERAL_NULL_CONVERSION = YES;
				CLANG_WARN_OBJC_IMPLICIT_RETAIN_SELF = YES;
				CLANG_WARN_OBJC_LITERAL_CONVERSION = YES;
				CLANG_WARN_OBJC_ROOT_CLASS = YES_ERROR;
				CLANG_WARN_QUOTED_INCLUDE_IN_FRAMEWORK_HEADER = YES;
				CLANG_WARN_RANGE_LOOP_ANALYSIS = YES;
				CLANG_WARN_STRICT_PROTOTYPES = YES;
				CLANG_WARN_SUSPICIOUS_MOVE = YES;
				CLANG_WARN_UNGUARDED_AVAILABILITY = YES_AGGRESSIVE;
				CLANG_WARN_UNREACHABLE_CODE = YES;
				CLANG_WARN__DUPLICATE_METHOD_MATCH = YES;
				COPY_PHASE_STRIP = NO;
				DEBUG_INFORMATION_FORMAT = "dwarf-with-dsym";
				ENABLE_NS_ASSERTIONS = NO;
				ENABLE_STRICT_OBJC_MSGSEND = YES;
				GCC_C_LANGUAGE_STANDARD = gnu11;
				GCC_NO_COMMON_BLOCKS = YES;
				GCC_WARN_64_TO_32_BIT_CONVERSION = YES;
				GCC_WARN_ABOUT_RETURN_TYPE = YES_ERROR;
				GCC_WARN_UNDECLARED_SELECTOR = YES;
				GCC_WARN_UNINITIALIZED_AUTOS = YES_AGGRESSIVE;
				GCC_WARN_UNUSED_FUNCTION = YES;
				GCC_WARN_UNUSED_VARIABLE = YES;
				IPHONEOS_DEPLOYMENT_TARGET = 16.2;
				MTL_ENABLE_DEBUG_INFO = NO;
				MTL_FAST_MATH = YES;
				SDKROOT = iphoneos;
				SWIFT_COMPILATION_MODE = wholemodule;
				SWIFT_OPTIMIZATION_LEVEL = "-O";
				VALIDATE_PRODUCT = YES;
			};
			name = Release;
		};
		04593D8E2A9DED7900F300B0 /* Debug */ = {
			isa = XCBuildConfiguration;
			buildSettings = {
				ASSETCATALOG_COMPILER_APPICON_NAME = AppIcon;
				ASSETCATALOG_COMPILER_GLOBAL_ACCENT_COLOR_NAME = AccentColor;
				CODE_SIGN_STYLE = Automatic;
				CURRENT_PROJECT_VERSION = 1;
				GENERATE_INFOPLIST_FILE = YES;
				INFOPLIST_FILE = Networking/Info.plist;
				INFOPLIST_KEY_UIApplicationSupportsIndirectInputEvents = YES;
				INFOPLIST_KEY_UILaunchStoryboardName = LaunchScreen;
				INFOPLIST_KEY_UIMainStoryboardFile = Main;
				INFOPLIST_KEY_UISupportedInterfaceOrientations_iPad = "UIInterfaceOrientationPortrait UIInterfaceOrientationPortraitUpsideDown UIInterfaceOrientationLandscapeLeft UIInterfaceOrientationLandscapeRight";
				INFOPLIST_KEY_UISupportedInterfaceOrientations_iPhone = "UIInterfaceOrientationPortrait UIInterfaceOrientationLandscapeLeft UIInterfaceOrientationLandscapeRight";
				LD_RUNPATH_SEARCH_PATHS = (
					"$(inherited)",
					"@executable_path/Frameworks",
				);
				MARKETING_VERSION = 1.0;
				PRODUCT_BUNDLE_IDENTIFIER = Georgiu.Networking;
				PRODUCT_NAME = "$(TARGET_NAME)";
				SWIFT_EMIT_LOC_STRINGS = YES;
				SWIFT_VERSION = 5.0;
				TARGETED_DEVICE_FAMILY = "1,2";
			};
			name = Debug;
		};
		04593D8F2A9DED7900F300B0 /* Release */ = {
			isa = XCBuildConfiguration;
			buildSettings = {
				ASSETCATALOG_COMPILER_APPICON_NAME = AppIcon;
				ASSETCATALOG_COMPILER_GLOBAL_ACCENT_COLOR_NAME = AccentColor;
				CODE_SIGN_STYLE = Automatic;
				CURRENT_PROJECT_VERSION = 1;
				GENERATE_INFOPLIST_FILE = YES;
				INFOPLIST_FILE = Networking/Info.plist;
				INFOPLIST_KEY_UIApplicationSupportsIndirectInputEvents = YES;
				INFOPLIST_KEY_UILaunchStoryboardName = LaunchScreen;
				INFOPLIST_KEY_UIMainStoryboardFile = Main;
				INFOPLIST_KEY_UISupportedInterfaceOrientations_iPad = "UIInterfaceOrientationPortrait UIInterfaceOrientationPortraitUpsideDown UIInterfaceOrientationLandscapeLeft UIInterfaceOrientationLandscapeRight";
				INFOPLIST_KEY_UISupportedInterfaceOrientations_iPhone = "UIInterfaceOrientationPortrait UIInterfaceOrientationLandscapeLeft UIInterfaceOrientationLandscapeRight";
				LD_RUNPATH_SEARCH_PATHS = (
					"$(inherited)",
					"@executable_path/Frameworks",
				);
				MARKETING_VERSION = 1.0;
				PRODUCT_BUNDLE_IDENTIFIER = Georgiu.Networking;
				PRODUCT_NAME = "$(TARGET_NAME)";
				SWIFT_EMIT_LOC_STRINGS = YES;
				SWIFT_VERSION = 5.0;
				TARGETED_DEVICE_FAMILY = "1,2";
			};
			name = Release;
		};
/* End XCBuildConfiguration section */

/* Begin XCConfigurationList section */
		04593D742A9DED7800F300B0 /* Build configuration list for PBXProject "Networking" */ = {
			isa = XCConfigurationList;
			buildConfigurations = (
				04593D8B2A9DED7900F300B0 /* Debug */,
				04593D8C2A9DED7900F300B0 /* Release */,
			);
			defaultConfigurationIsVisible = 0;
			defaultConfigurationName = Release;
		};
		04593D8D2A9DED7900F300B0 /* Build configuration list for PBXNativeTarget "Networking" */ = {
			isa = XCConfigurationList;
			buildConfigurations = (
				04593D8E2A9DED7900F300B0 /* Debug */,
				04593D8F2A9DED7900F300B0 /* Release */,
			);
			defaultConfigurationIsVisible = 0;
			defaultConfigurationName = Release;
		};
/* End XCConfigurationList section */
	};
	rootObject = 04593D712A9DED7800F300B0 /* Project object */;
}
